// !$*UTF8*$!
{
	archiveVersion = 1;
	classes = {
	};
	objectVersion = 48;
	objects = {

/* Begin PBXBuildFile section */
		6B38C8AE1F98DB5100FCDE58 /* q24_a1.txt in Resources */ = {isa = PBXBuildFile; fileRef = 6B38C8AD1F98DB5100FCDE58 /* q24_a1.txt */; };
		6B53C4AC1F8A137C007217E3 /* Chapter2.swift in Sources */ = {isa = PBXBuildFile; fileRef = 6B53C4AB1F8A137C007217E3 /* Chapter2.swift */; };
		6B53C4AE1F8A1730007217E3 /* LanguageProcessing100knock2015Chapter2Tests.swift in Sources */ = {isa = PBXBuildFile; fileRef = 6B53C4AD1F8A1730007217E3 /* LanguageProcessing100knock2015Chapter2Tests.swift */; };
		6B53C4B11F8A1E00007217E3 /* hightemp.txt in Resources */ = {isa = PBXBuildFile; fileRef = 6B53C4AF1F8A1760007217E3 /* hightemp.txt */; };
		6B53C4B61F8A50AE007217E3 /* q12_a1.txt in Resources */ = {isa = PBXBuildFile; fileRef = 6B53C4B51F8A5026007217E3 /* q12_a1.txt */; };
		6B53C4B71F8A50AE007217E3 /* q12_a2.txt in Resources */ = {isa = PBXBuildFile; fileRef = 6B53C4B41F8A5026007217E3 /* q12_a2.txt */; };
		6B53C4BA1F8A5678007217E3 /* q13_a1.txt in Resources */ = {isa = PBXBuildFile; fileRef = 6B53C4B81F8A5671007217E3 /* q13_a1.txt */; };
		6B53C4BD1F8A67B5007217E3 /* q14_a2.txt in Resources */ = {isa = PBXBuildFile; fileRef = 6B53C4BC1F8A67AC007217E3 /* q14_a2.txt */; };
		6B53C4BE1F8A67B7007217E3 /* q14_a1.txt in Resources */ = {isa = PBXBuildFile; fileRef = 6B53C4BB1F8A67AC007217E3 /* q14_a1.txt */; };
		6B53C4C11F8A6AB5007217E3 /* q15_a1.txt in Resources */ = {isa = PBXBuildFile; fileRef = 6B53C4C01F8A6AB2007217E3 /* q15_a1.txt */; };
		6B53C4C21F8A6AB5007217E3 /* q15_a2.txt in Resources */ = {isa = PBXBuildFile; fileRef = 6B53C4BF1F8A6AB2007217E3 /* q15_a2.txt */; };
		6B53C4C61F8BA54D007217E3 /* q16_a1.txt in Resources */ = {isa = PBXBuildFile; fileRef = 6B53C4C31F8B9E0F007217E3 /* q16_a1.txt */; };
		6B53C4C71F8BA54D007217E3 /* q16_a2.txt in Resources */ = {isa = PBXBuildFile; fileRef = 6B53C4C41F8B9E0F007217E3 /* q16_a2.txt */; };
		6B53C4C81F8BA54D007217E3 /* q16_a3.txt in Resources */ = {isa = PBXBuildFile; fileRef = 6B53C4C51F8B9E10007217E3 /* q16_a3.txt */; };
		6B53C4CA1F8BB0FE007217E3 /* q17_a1.txt in Resources */ = {isa = PBXBuildFile; fileRef = 6B53C4C91F8BB0FC007217E3 /* q17_a1.txt */; };
		6B53C4CC1F8BB88D007217E3 /* q18_a1.txt in Resources */ = {isa = PBXBuildFile; fileRef = 6B53C4CB1F8BB88B007217E3 /* q18_a1.txt */; };
		6B70B8441F828298005CF2D9 /* AppDelegate.swift in Sources */ = {isa = PBXBuildFile; fileRef = 6B70B8431F828298005CF2D9 /* AppDelegate.swift */; };
		6B70B8461F828298005CF2D9 /* ViewController.swift in Sources */ = {isa = PBXBuildFile; fileRef = 6B70B8451F828298005CF2D9 /* ViewController.swift */; };
		6B70B8491F828298005CF2D9 /* Main.storyboard in Resources */ = {isa = PBXBuildFile; fileRef = 6B70B8471F828298005CF2D9 /* Main.storyboard */; };
		6B70B84B1F828298005CF2D9 /* Assets.xcassets in Resources */ = {isa = PBXBuildFile; fileRef = 6B70B84A1F828298005CF2D9 /* Assets.xcassets */; };
		6B70B84E1F828298005CF2D9 /* LaunchScreen.storyboard in Resources */ = {isa = PBXBuildFile; fileRef = 6B70B84C1F828298005CF2D9 /* LaunchScreen.storyboard */; };
		6B70B8591F828299005CF2D9 /* LanguageProcessing100knock2015Chapter1Tests.swift in Sources */ = {isa = PBXBuildFile; fileRef = 6B70B8581F828299005CF2D9 /* LanguageProcessing100knock2015Chapter1Tests.swift */; };
		6B70B8721F8282AB005CF2D9 /* Chapter1.swift in Sources */ = {isa = PBXBuildFile; fileRef = 6B70B8711F8282AB005CF2D9 /* Chapter1.swift */; };
		6BAAD8DC1F8BC7CA0074CE39 /* q19_a1.txt in Resources */ = {isa = PBXBuildFile; fileRef = 6BAAD8DB1F8BC7C80074CE39 /* q19_a1.txt */; };
		6BAAD8DE1F8BD31A0074CE39 /* q11_a1.txt in Resources */ = {isa = PBXBuildFile; fileRef = 6BAAD8DD1F8BD3180074CE39 /* q11_a1.txt */; };
		6BAAD8E01F8C74870074CE39 /* Chapter3.swift in Sources */ = {isa = PBXBuildFile; fileRef = 6BAAD8DF1F8C74870074CE39 /* Chapter3.swift */; };
		6BAAD8E21F8C74A80074CE39 /* jawiki-country.json in Resources */ = {isa = PBXBuildFile; fileRef = 6BAAD8E11F8C74A30074CE39 /* jawiki-country.json */; };
		6BAAD8E41F8C75E00074CE39 /* LanguageProcessing100knock2015Chapter3Tests.swift in Sources */ = {isa = PBXBuildFile; fileRef = 6BAAD8E31F8C75E00074CE39 /* LanguageProcessing100knock2015Chapter3Tests.swift */; };
/* End PBXBuildFile section */

/* Begin PBXContainerItemProxy section */
		6B70B8551F828299005CF2D9 /* PBXContainerItemProxy */ = {
			isa = PBXContainerItemProxy;
			containerPortal = 6B70B8381F828298005CF2D9 /* Project object */;
			proxyType = 1;
			remoteGlobalIDString = 6B70B83F1F828298005CF2D9;
			remoteInfo = LanguageProcessing100knock2015;
		};
/* End PBXContainerItemProxy section */

/* Begin PBXFileReference section */
		6B38C8AD1F98DB5100FCDE58 /* q24_a1.txt */ = {isa = PBXFileReference; fileEncoding = 4; lastKnownFileType = text; path = q24_a1.txt; sourceTree = "<group>"; };
		6B53C4AB1F8A137C007217E3 /* Chapter2.swift */ = {isa = PBXFileReference; lastKnownFileType = sourcecode.swift; path = Chapter2.swift; sourceTree = "<group>"; };
		6B53C4AD1F8A1730007217E3 /* LanguageProcessing100knock2015Chapter2Tests.swift */ = {isa = PBXFileReference; lastKnownFileType = sourcecode.swift; path = LanguageProcessing100knock2015Chapter2Tests.swift; sourceTree = "<group>"; };
		6B53C4AF1F8A1760007217E3 /* hightemp.txt */ = {isa = PBXFileReference; lastKnownFileType = text; path = hightemp.txt; sourceTree = "<group>"; };
		6B53C4B41F8A5026007217E3 /* q12_a2.txt */ = {isa = PBXFileReference; lastKnownFileType = text; path = q12_a2.txt; sourceTree = "<group>"; };
		6B53C4B51F8A5026007217E3 /* q12_a1.txt */ = {isa = PBXFileReference; lastKnownFileType = text; path = q12_a1.txt; sourceTree = "<group>"; };
		6B53C4B81F8A5671007217E3 /* q13_a1.txt */ = {isa = PBXFileReference; lastKnownFileType = text; path = q13_a1.txt; sourceTree = "<group>"; };
		6B53C4BB1F8A67AC007217E3 /* q14_a1.txt */ = {isa = PBXFileReference; lastKnownFileType = text; path = q14_a1.txt; sourceTree = "<group>"; };
		6B53C4BC1F8A67AC007217E3 /* q14_a2.txt */ = {isa = PBXFileReference; lastKnownFileType = text; path = q14_a2.txt; sourceTree = "<group>"; };
		6B53C4BF1F8A6AB2007217E3 /* q15_a2.txt */ = {isa = PBXFileReference; lastKnownFileType = text; path = q15_a2.txt; sourceTree = "<group>"; };
		6B53C4C01F8A6AB2007217E3 /* q15_a1.txt */ = {isa = PBXFileReference; lastKnownFileType = text; path = q15_a1.txt; sourceTree = "<group>"; };
		6B53C4C31F8B9E0F007217E3 /* q16_a1.txt */ = {isa = PBXFileReference; lastKnownFileType = text; path = q16_a1.txt; sourceTree = "<group>"; };
		6B53C4C41F8B9E0F007217E3 /* q16_a2.txt */ = {isa = PBXFileReference; lastKnownFileType = text; path = q16_a2.txt; sourceTree = "<group>"; };
		6B53C4C51F8B9E10007217E3 /* q16_a3.txt */ = {isa = PBXFileReference; lastKnownFileType = text; path = q16_a3.txt; sourceTree = "<group>"; };
		6B53C4C91F8BB0FC007217E3 /* q17_a1.txt */ = {isa = PBXFileReference; lastKnownFileType = text; path = q17_a1.txt; sourceTree = "<group>"; };
		6B53C4CB1F8BB88B007217E3 /* q18_a1.txt */ = {isa = PBXFileReference; lastKnownFileType = text; path = q18_a1.txt; sourceTree = "<group>"; };
		6B70B8401F828298005CF2D9 /* LanguageProcessing100knock2015.app */ = {isa = PBXFileReference; explicitFileType = wrapper.application; includeInIndex = 0; path = LanguageProcessing100knock2015.app; sourceTree = BUILT_PRODUCTS_DIR; };
		6B70B8431F828298005CF2D9 /* AppDelegate.swift */ = {isa = PBXFileReference; lastKnownFileType = sourcecode.swift; path = AppDelegate.swift; sourceTree = "<group>"; };
		6B70B8451F828298005CF2D9 /* ViewController.swift */ = {isa = PBXFileReference; lastKnownFileType = sourcecode.swift; path = ViewController.swift; sourceTree = "<group>"; };
		6B70B8481F828298005CF2D9 /* Base */ = {isa = PBXFileReference; lastKnownFileType = file.storyboard; name = Base; path = Base.lproj/Main.storyboard; sourceTree = "<group>"; };
		6B70B84A1F828298005CF2D9 /* Assets.xcassets */ = {isa = PBXFileReference; lastKnownFileType = folder.assetcatalog; path = Assets.xcassets; sourceTree = "<group>"; };
		6B70B84D1F828298005CF2D9 /* Base */ = {isa = PBXFileReference; lastKnownFileType = file.storyboard; name = Base; path = Base.lproj/LaunchScreen.storyboard; sourceTree = "<group>"; };
		6B70B84F1F828299005CF2D9 /* Info.plist */ = {isa = PBXFileReference; lastKnownFileType = text.plist.xml; path = Info.plist; sourceTree = "<group>"; };
		6B70B8541F828299005CF2D9 /* LanguageProcessing100knock2015Tests.xctest */ = {isa = PBXFileReference; explicitFileType = wrapper.cfbundle; includeInIndex = 0; path = LanguageProcessing100knock2015Tests.xctest; sourceTree = BUILT_PRODUCTS_DIR; };
		6B70B8581F828299005CF2D9 /* LanguageProcessing100knock2015Chapter1Tests.swift */ = {isa = PBXFileReference; lastKnownFileType = sourcecode.swift; path = LanguageProcessing100knock2015Chapter1Tests.swift; sourceTree = "<group>"; };
		6B70B85A1F828299005CF2D9 /* Info.plist */ = {isa = PBXFileReference; lastKnownFileType = text.plist.xml; path = Info.plist; sourceTree = "<group>"; };
		6B70B8711F8282AB005CF2D9 /* Chapter1.swift */ = {isa = PBXFileReference; lastKnownFileType = sourcecode.swift; path = Chapter1.swift; sourceTree = "<group>"; };
		6BAAD8DB1F8BC7C80074CE39 /* q19_a1.txt */ = {isa = PBXFileReference; lastKnownFileType = text; path = q19_a1.txt; sourceTree = "<group>"; };
		6BAAD8DD1F8BD3180074CE39 /* q11_a1.txt */ = {isa = PBXFileReference; lastKnownFileType = text; path = q11_a1.txt; sourceTree = "<group>"; };
		6BAAD8DF1F8C74870074CE39 /* Chapter3.swift */ = {isa = PBXFileReference; lastKnownFileType = sourcecode.swift; path = Chapter3.swift; sourceTree = "<group>"; };
		6BAAD8E11F8C74A30074CE39 /* jawiki-country.json */ = {isa = PBXFileReference; lastKnownFileType = text.json; path = "jawiki-country.json"; sourceTree = "<group>"; };
		6BAAD8E31F8C75E00074CE39 /* LanguageProcessing100knock2015Chapter3Tests.swift */ = {isa = PBXFileReference; lastKnownFileType = sourcecode.swift; path = LanguageProcessing100knock2015Chapter3Tests.swift; sourceTree = "<group>"; };
/* End PBXFileReference section */

/* Begin PBXFrameworksBuildPhase section */
		6B70B83D1F828298005CF2D9 /* Frameworks */ = {
			isa = PBXFrameworksBuildPhase;
			buildActionMask = 2147483647;
			files = (
			);
			runOnlyForDeploymentPostprocessing = 0;
		};
		6B70B8511F828299005CF2D9 /* Frameworks */ = {
			isa = PBXFrameworksBuildPhase;
			buildActionMask = 2147483647;
			files = (
			);
			runOnlyForDeploymentPostprocessing = 0;
		};
/* End PBXFrameworksBuildPhase section */

/* Begin PBXGroup section */
		6B70B8371F828298005CF2D9 = {
			isa = PBXGroup;
			children = (
				6B70B8421F828298005CF2D9 /* LanguageProcessing100knock2015 */,
				6B70B8571F828299005CF2D9 /* LanguageProcessing100knock2015Tests */,
				6B70B8411F828298005CF2D9 /* Products */,
			);
			sourceTree = "<group>";
		};
		6B70B8411F828298005CF2D9 /* Products */ = {
			isa = PBXGroup;
			children = (
				6B70B8401F828298005CF2D9 /* LanguageProcessing100knock2015.app */,
				6B70B8541F828299005CF2D9 /* LanguageProcessing100knock2015Tests.xctest */,
			);
			name = Products;
			sourceTree = "<group>";
		};
		6B70B8421F828298005CF2D9 /* LanguageProcessing100knock2015 */ = {
			isa = PBXGroup;
			children = (
				6B70B8711F8282AB005CF2D9 /* Chapter1.swift */,
				6B53C4AB1F8A137C007217E3 /* Chapter2.swift */,
				6BAAD8DF1F8C74870074CE39 /* Chapter3.swift */,
				6B70B8431F828298005CF2D9 /* AppDelegate.swift */,
				6B70B8451F828298005CF2D9 /* ViewController.swift */,
				6B70B8471F828298005CF2D9 /* Main.storyboard */,
				6B70B84A1F828298005CF2D9 /* Assets.xcassets */,
				6B70B84C1F828298005CF2D9 /* LaunchScreen.storyboard */,
				6B70B84F1F828299005CF2D9 /* Info.plist */,
			);
			path = LanguageProcessing100knock2015;
			sourceTree = "<group>";
		};
		6B70B8571F828299005CF2D9 /* LanguageProcessing100knock2015Tests */ = {
			isa = PBXGroup;
			children = (
				6B53C4AF1F8A1760007217E3 /* hightemp.txt */,
				6B70B85A1F828299005CF2D9 /* Info.plist */,
				6B70B8581F828299005CF2D9 /* LanguageProcessing100knock2015Chapter1Tests.swift */,
				6B53C4AD1F8A1730007217E3 /* LanguageProcessing100knock2015Chapter2Tests.swift */,
				6BAAD8E31F8C75E00074CE39 /* LanguageProcessing100knock2015Chapter3Tests.swift */,
				6BAAD8DD1F8BD3180074CE39 /* q11_a1.txt */,
				6B53C4B51F8A5026007217E3 /* q12_a1.txt */,
				6B53C4B41F8A5026007217E3 /* q12_a2.txt */,
				6B53C4B81F8A5671007217E3 /* q13_a1.txt */,
				6B53C4BB1F8A67AC007217E3 /* q14_a1.txt */,
				6B53C4BC1F8A67AC007217E3 /* q14_a2.txt */,
				6B53C4C01F8A6AB2007217E3 /* q15_a1.txt */,
				6B53C4BF1F8A6AB2007217E3 /* q15_a2.txt */,
				6B53C4C31F8B9E0F007217E3 /* q16_a1.txt */,
				6B53C4C41F8B9E0F007217E3 /* q16_a2.txt */,
				6B53C4C51F8B9E10007217E3 /* q16_a3.txt */,
				6B53C4C91F8BB0FC007217E3 /* q17_a1.txt */,
				6B53C4CB1F8BB88B007217E3 /* q18_a1.txt */,
				6BAAD8DB1F8BC7C80074CE39 /* q19_a1.txt */,
				6B38C8AD1F98DB5100FCDE58 /* q24_a1.txt */,
				6BAAD8E11F8C74A30074CE39 /* jawiki-country.json */,
			);
			path = LanguageProcessing100knock2015Tests;
			sourceTree = "<group>";
		};
/* End PBXGroup section */

/* Begin PBXNativeTarget section */
		6B70B83F1F828298005CF2D9 /* LanguageProcessing100knock2015 */ = {
			isa = PBXNativeTarget;
			buildConfigurationList = 6B70B8681F828299005CF2D9 /* Build configuration list for PBXNativeTarget "LanguageProcessing100knock2015" */;
			buildPhases = (
				6B70B83C1F828298005CF2D9 /* Sources */,
				6B70B83D1F828298005CF2D9 /* Frameworks */,
				6B70B83E1F828298005CF2D9 /* Resources */,
			);
			buildRules = (
			);
			dependencies = (
			);
			name = LanguageProcessing100knock2015;
			productName = LanguageProcessing100knock2015;
			productReference = 6B70B8401F828298005CF2D9 /* LanguageProcessing100knock2015.app */;
			productType = "com.apple.product-type.application";
		};
		6B70B8531F828299005CF2D9 /* LanguageProcessing100knock2015Tests */ = {
			isa = PBXNativeTarget;
			buildConfigurationList = 6B70B86B1F828299005CF2D9 /* Build configuration list for PBXNativeTarget "LanguageProcessing100knock2015Tests" */;
			buildPhases = (
				6B70B8501F828299005CF2D9 /* Sources */,
				6B70B8511F828299005CF2D9 /* Frameworks */,
				6B70B8521F828299005CF2D9 /* Resources */,
			);
			buildRules = (
			);
			dependencies = (
				6B70B8561F828299005CF2D9 /* PBXTargetDependency */,
			);
			name = LanguageProcessing100knock2015Tests;
			productName = LanguageProcessing100knock2015Tests;
			productReference = 6B70B8541F828299005CF2D9 /* LanguageProcessing100knock2015Tests.xctest */;
			productType = "com.apple.product-type.bundle.unit-test";
		};
/* End PBXNativeTarget section */

/* Begin PBXProject section */
		6B70B8381F828298005CF2D9 /* Project object */ = {
			isa = PBXProject;
			attributes = {
				LastSwiftUpdateCheck = 0900;
				LastUpgradeCheck = 0900;
				ORGANIZATIONNAME = "koichi tanaka";
				TargetAttributes = {
					6B70B83F1F828298005CF2D9 = {
						CreatedOnToolsVersion = 9.0;
						ProvisioningStyle = Automatic;
					};
					6B70B8531F828299005CF2D9 = {
						CreatedOnToolsVersion = 9.0;
						ProvisioningStyle = Automatic;
						TestTargetID = 6B70B83F1F828298005CF2D9;
					};
				};
			};
			buildConfigurationList = 6B70B83B1F828298005CF2D9 /* Build configuration list for PBXProject "LanguageProcessing100knock2015" */;
			compatibilityVersion = "Xcode 8.0";
			developmentRegion = en;
			hasScannedForEncodings = 0;
			knownRegions = (
				en,
				Base,
			);
			mainGroup = 6B70B8371F828298005CF2D9;
			productRefGroup = 6B70B8411F828298005CF2D9 /* Products */;
			projectDirPath = "";
			projectRoot = "";
			targets = (
				6B70B83F1F828298005CF2D9 /* LanguageProcessing100knock2015 */,
				6B70B8531F828299005CF2D9 /* LanguageProcessing100knock2015Tests */,
			);
		};
/* End PBXProject section */

/* Begin PBXResourcesBuildPhase section */
		6B70B83E1F828298005CF2D9 /* Resources */ = {
			isa = PBXResourcesBuildPhase;
			buildActionMask = 2147483647;
			files = (
				6B70B84E1F828298005CF2D9 /* LaunchScreen.storyboard in Resources */,
				6B70B84B1F828298005CF2D9 /* Assets.xcassets in Resources */,
				6B70B8491F828298005CF2D9 /* Main.storyboard in Resources */,
			);
			runOnlyForDeploymentPostprocessing = 0;
		};
		6B70B8521F828299005CF2D9 /* Resources */ = {
			isa = PBXResourcesBuildPhase;
			buildActionMask = 2147483647;
			files = (
				6B53C4C11F8A6AB5007217E3 /* q15_a1.txt in Resources */,
				6B53C4B11F8A1E00007217E3 /* hightemp.txt in Resources */,
				6B53C4C81F8BA54D007217E3 /* q16_a3.txt in Resources */,
				6B53C4BE1F8A67B7007217E3 /* q14_a1.txt in Resources */,
				6B53C4CC1F8BB88D007217E3 /* q18_a1.txt in Resources */,
				6B53C4C71F8BA54D007217E3 /* q16_a2.txt in Resources */,
				6B53C4B71F8A50AE007217E3 /* q12_a2.txt in Resources */,
				6B53C4B61F8A50AE007217E3 /* q12_a1.txt in Resources */,
				6B53C4BD1F8A67B5007217E3 /* q14_a2.txt in Resources */,
				6B53C4CA1F8BB0FE007217E3 /* q17_a1.txt in Resources */,
				6B53C4C21F8A6AB5007217E3 /* q15_a2.txt in Resources */,
				6BAAD8E21F8C74A80074CE39 /* jawiki-country.json in Resources */,
				6B53C4BA1F8A5678007217E3 /* q13_a1.txt in Resources */,
				6B38C8AE1F98DB5100FCDE58 /* q24_a1.txt in Resources */,
				6B53C4C61F8BA54D007217E3 /* q16_a1.txt in Resources */,
				6BAAD8DC1F8BC7CA0074CE39 /* q19_a1.txt in Resources */,
				6BAAD8DE1F8BD31A0074CE39 /* q11_a1.txt in Resources */,
			);
			runOnlyForDeploymentPostprocessing = 0;
		};
/* End PBXResourcesBuildPhase section */

/* Begin PBXSourcesBuildPhase section */
		6B70B83C1F828298005CF2D9 /* Sources */ = {
			isa = PBXSourcesBuildPhase;
			buildActionMask = 2147483647;
			files = (
				6B70B8721F8282AB005CF2D9 /* Chapter1.swift in Sources */,
				6BAAD8E01F8C74870074CE39 /* Chapter3.swift in Sources */,
				6B70B8461F828298005CF2D9 /* ViewController.swift in Sources */,
				6B53C4AC1F8A137C007217E3 /* Chapter2.swift in Sources */,
				6B70B8441F828298005CF2D9 /* AppDelegate.swift in Sources */,
			);
			runOnlyForDeploymentPostprocessing = 0;
		};
		6B70B8501F828299005CF2D9 /* Sources */ = {
			isa = PBXSourcesBuildPhase;
			buildActionMask = 2147483647;
			files = (
				6B53C4AE1F8A1730007217E3 /* LanguageProcessing100knock2015Chapter2Tests.swift in Sources */,
				6B70B8591F828299005CF2D9 /* LanguageProcessing100knock2015Chapter1Tests.swift in Sources */,
				6BAAD8E41F8C75E00074CE39 /* LanguageProcessing100knock2015Chapter3Tests.swift in Sources */,
			);
			runOnlyForDeploymentPostprocessing = 0;
		};
/* End PBXSourcesBuildPhase section */

/* Begin PBXTargetDependency section */
		6B70B8561F828299005CF2D9 /* PBXTargetDependency */ = {
			isa = PBXTargetDependency;
			target = 6B70B83F1F828298005CF2D9 /* LanguageProcessing100knock2015 */;
			targetProxy = 6B70B8551F828299005CF2D9 /* PBXContainerItemProxy */;
		};
/* End PBXTargetDependency section */

/* Begin PBXVariantGroup section */
		6B70B8471F828298005CF2D9 /* Main.storyboard */ = {
			isa = PBXVariantGroup;
			children = (
				6B70B8481F828298005CF2D9 /* Base */,
			);
			name = Main.storyboard;
			sourceTree = "<group>";
		};
		6B70B84C1F828298005CF2D9 /* LaunchScreen.storyboard */ = {
			isa = PBXVariantGroup;
			children = (
				6B70B84D1F828298005CF2D9 /* Base */,
			);
			name = LaunchScreen.storyboard;
			sourceTree = "<group>";
		};
/* End PBXVariantGroup section */

/* Begin XCBuildConfiguration section */
		6B70B8661F828299005CF2D9 /* Debug */ = {
			isa = XCBuildConfiguration;
			buildSettings = {
				ALWAYS_SEARCH_USER_PATHS = NO;
				CLANG_ANALYZER_NONNULL = YES;
				CLANG_ANALYZER_NUMBER_OBJECT_CONVERSION = YES_AGGRESSIVE;
				CLANG_CXX_LANGUAGE_STANDARD = "gnu++14";
				CLANG_CXX_LIBRARY = "libc++";
				CLANG_ENABLE_MODULES = YES;
				CLANG_ENABLE_OBJC_ARC = YES;
				CLANG_WARN_BLOCK_CAPTURE_AUTORELEASING = YES;
				CLANG_WARN_BOOL_CONVERSION = YES;
				CLANG_WARN_COMMA = YES;
				CLANG_WARN_CONSTANT_CONVERSION = YES;
				CLANG_WARN_DIRECT_OBJC_ISA_USAGE = YES_ERROR;
				CLANG_WARN_DOCUMENTATION_COMMENTS = YES;
				CLANG_WARN_EMPTY_BODY = YES;
				CLANG_WARN_ENUM_CONVERSION = YES;
				CLANG_WARN_INFINITE_RECURSION = YES;
				CLANG_WARN_INT_CONVERSION = YES;
				CLANG_WARN_NON_LITERAL_NULL_CONVERSION = YES;
				CLANG_WARN_OBJC_LITERAL_CONVERSION = YES;
				CLANG_WARN_OBJC_ROOT_CLASS = YES_ERROR;
				CLANG_WARN_RANGE_LOOP_ANALYSIS = YES;
				CLANG_WARN_STRICT_PROTOTYPES = YES;
				CLANG_WARN_SUSPICIOUS_MOVE = YES;
				CLANG_WARN_UNGUARDED_AVAILABILITY = YES_AGGRESSIVE;
				CLANG_WARN_UNREACHABLE_CODE = YES;
				CLANG_WARN__DUPLICATE_METHOD_MATCH = YES;
				CODE_SIGN_IDENTITY = "iPhone Developer";
				COPY_PHASE_STRIP = NO;
				DEBUG_INFORMATION_FORMAT = dwarf;
				ENABLE_STRICT_OBJC_MSGSEND = YES;
				ENABLE_TESTABILITY = YES;
				GCC_C_LANGUAGE_STANDARD = gnu11;
				GCC_DYNAMIC_NO_PIC = NO;
				GCC_NO_COMMON_BLOCKS = YES;
				GCC_OPTIMIZATION_LEVEL = 0;
				GCC_PREPROCESSOR_DEFINITIONS = (
					"DEBUG=1",
					"$(inherited)",
				);
				GCC_WARN_64_TO_32_BIT_CONVERSION = YES;
				GCC_WARN_ABOUT_RETURN_TYPE = YES_ERROR;
				GCC_WARN_UNDECLARED_SELECTOR = YES;
				GCC_WARN_UNINITIALIZED_AUTOS = YES_AGGRESSIVE;
				GCC_WARN_UNUSED_FUNCTION = YES;
				GCC_WARN_UNUSED_VARIABLE = YES;
				IPHONEOS_DEPLOYMENT_TARGET = 11.0;
				MTL_ENABLE_DEBUG_INFO = YES;
				ONLY_ACTIVE_ARCH = YES;
				SDKROOT = iphoneos;
				SWIFT_ACTIVE_COMPILATION_CONDITIONS = DEBUG;
				SWIFT_OPTIMIZATION_LEVEL = "-Onone";
			};
			name = Debug;
		};
		6B70B8671F828299005CF2D9 /* Release */ = {
			isa = XCBuildConfiguration;
			buildSettings = {
				ALWAYS_SEARCH_USER_PATHS = NO;
				CLANG_ANALYZER_NONNULL = YES;
				CLANG_ANALYZER_NUMBER_OBJECT_CONVERSION = YES_AGGRESSIVE;
				CLANG_CXX_LANGUAGE_STANDARD = "gnu++14";
				CLANG_CXX_LIBRARY = "libc++";
				CLANG_ENABLE_MODULES = YES;
				CLANG_ENABLE_OBJC_ARC = YES;
				CLANG_WARN_BLOCK_CAPTURE_AUTORELEASING = YES;
				CLANG_WARN_BOOL_CONVERSION = YES;
				CLANG_WARN_COMMA = YES;
				CLANG_WARN_CONSTANT_CONVERSION = YES;
				CLANG_WARN_DIRECT_OBJC_ISA_USAGE = YES_ERROR;
				CLANG_WARN_DOCUMENTATION_COMMENTS = YES;
				CLANG_WARN_EMPTY_BODY = YES;
				CLANG_WARN_ENUM_CONVERSION = YES;
				CLANG_WARN_INFINITE_RECURSION = YES;
				CLANG_WARN_INT_CONVERSION = YES;
				CLANG_WARN_NON_LITERAL_NULL_CONVERSION = YES;
				CLANG_WARN_OBJC_LITERAL_CONVERSION = YES;
				CLANG_WARN_OBJC_ROOT_CLASS = YES_ERROR;
				CLANG_WARN_RANGE_LOOP_ANALYSIS = YES;
				CLANG_WARN_STRICT_PROTOTYPES = YES;
				CLANG_WARN_SUSPICIOUS_MOVE = YES;
				CLANG_WARN_UNGUARDED_AVAILABILITY = YES_AGGRESSIVE;
				CLANG_WARN_UNREACHABLE_CODE = YES;
				CLANG_WARN__DUPLICATE_METHOD_MATCH = YES;
				CODE_SIGN_IDENTITY = "iPhone Developer";
				COPY_PHASE_STRIP = NO;
				DEBUG_INFORMATION_FORMAT = "dwarf-with-dsym";
				ENABLE_NS_ASSERTIONS = NO;
				ENABLE_STRICT_OBJC_MSGSEND = YES;
				GCC_C_LANGUAGE_STANDARD = gnu11;
				GCC_NO_COMMON_BLOCKS = YES;
				GCC_WARN_64_TO_32_BIT_CONVERSION = YES;
				GCC_WARN_ABOUT_RETURN_TYPE = YES_ERROR;
				GCC_WARN_UNDECLARED_SELECTOR = YES;
				GCC_WARN_UNINITIALIZED_AUTOS = YES_AGGRESSIVE;
				GCC_WARN_UNUSED_FUNCTION = YES;
				GCC_WARN_UNUSED_VARIABLE = YES;
				IPHONEOS_DEPLOYMENT_TARGET = 11.0;
				MTL_ENABLE_DEBUG_INFO = NO;
				SDKROOT = iphoneos;
				SWIFT_OPTIMIZATION_LEVEL = "-Owholemodule";
				VALIDATE_PRODUCT = YES;
			};
			name = Release;
		};
		6B70B8691F828299005CF2D9 /* Debug */ = {
			isa = XCBuildConfiguration;
			buildSettings = {
				ASSETCATALOG_COMPILER_APPICON_NAME = AppIcon;
				CODE_SIGN_STYLE = Automatic;
				DEVELOPMENT_TEAM = FY9JR4EMH8;
				INFOPLIST_FILE = LanguageProcessing100knock2015/Info.plist;
				LD_RUNPATH_SEARCH_PATHS = "$(inherited) @executable_path/Frameworks";
				PRODUCT_BUNDLE_IDENTIFIER = "com.koichi-tanaka.LanguageProcessing100knock2015";
				PRODUCT_NAME = "$(TARGET_NAME)";
				SWIFT_VERSION = 4.0;
				TARGETED_DEVICE_FAMILY = "1,2";
			};
			name = Debug;
		};
		6B70B86A1F828299005CF2D9 /* Release */ = {
			isa = XCBuildConfiguration;
			buildSettings = {
				ASSETCATALOG_COMPILER_APPICON_NAME = AppIcon;
				CODE_SIGN_STYLE = Automatic;
				DEVELOPMENT_TEAM = FY9JR4EMH8;
				INFOPLIST_FILE = LanguageProcessing100knock2015/Info.plist;
				LD_RUNPATH_SEARCH_PATHS = "$(inherited) @executable_path/Frameworks";
				PRODUCT_BUNDLE_IDENTIFIER = "com.koichi-tanaka.LanguageProcessing100knock2015";
				PRODUCT_NAME = "$(TARGET_NAME)";
				SWIFT_VERSION = 4.0;
				TARGETED_DEVICE_FAMILY = "1,2";
			};
			name = Release;
		};
		6B70B86C1F828299005CF2D9 /* Debug */ = {
			isa = XCBuildConfiguration;
			buildSettings = {
				ALWAYS_EMBED_SWIFT_STANDARD_LIBRARIES = YES;
				BUNDLE_LOADER = "$(TEST_HOST)";
				CODE_SIGN_STYLE = Automatic;
				DEVELOPMENT_TEAM = FY9JR4EMH8;
				INFOPLIST_FILE = LanguageProcessing100knock2015Tests/Info.plist;
				LD_RUNPATH_SEARCH_PATHS = "$(inherited) @executable_path/Frameworks @loader_path/Frameworks";
				PRODUCT_BUNDLE_IDENTIFIER = "com.koichi-tanaka.LanguageProcessing100knock2015Tests";
				PRODUCT_NAME = "$(TARGET_NAME)";
				SWIFT_VERSION = 4.0;
				TARGETED_DEVICE_FAMILY = "1,2";
				TEST_HOST = "$(BUILT_PRODUCTS_DIR)/LanguageProcessing100knock2015.app/LanguageProcessing100knock2015";
			};
			name = Debug;
		};
		6B70B86D1F828299005CF2D9 /* Release */ = {
			isa = XCBuildConfiguration;
			buildSettings = {
				ALWAYS_EMBED_SWIFT_STANDARD_LIBRARIES = YES;
				BUNDLE_LOADER = "$(TEST_HOST)";
				CODE_SIGN_STYLE = Automatic;
				DEVELOPMENT_TEAM = FY9JR4EMH8;
				INFOPLIST_FILE = LanguageProcessing100knock2015Tests/Info.plist;
				LD_RUNPATH_SEARCH_PATHS = "$(inherited) @executable_path/Frameworks @loader_path/Frameworks";
				PRODUCT_BUNDLE_IDENTIFIER = "com.koichi-tanaka.LanguageProcessing100knock2015Tests";
				PRODUCT_NAME = "$(TARGET_NAME)";
				SWIFT_VERSION = 4.0;
				TARGETED_DEVICE_FAMILY = "1,2";
				TEST_HOST = "$(BUILT_PRODUCTS_DIR)/LanguageProcessing100knock2015.app/LanguageProcessing100knock2015";
			};
			name = Release;
		};
/* End XCBuildConfiguration section */

/* Begin XCConfigurationList section */
		6B70B83B1F828298005CF2D9 /* Build configuration list for PBXProject "LanguageProcessing100knock2015" */ = {
			isa = XCConfigurationList;
			buildConfigurations = (
				6B70B8661F828299005CF2D9 /* Debug */,
				6B70B8671F828299005CF2D9 /* Release */,
			);
			defaultConfigurationIsVisible = 0;
			defaultConfigurationName = Release;
		};
		6B70B8681F828299005CF2D9 /* Build configuration list for PBXNativeTarget "LanguageProcessing100knock2015" */ = {
			isa = XCConfigurationList;
			buildConfigurations = (
				6B70B8691F828299005CF2D9 /* Debug */,
				6B70B86A1F828299005CF2D9 /* Release */,
			);
			defaultConfigurationIsVisible = 0;
			defaultConfigurationName = Release;
		};
		6B70B86B1F828299005CF2D9 /* Build configuration list for PBXNativeTarget "LanguageProcessing100knock2015Tests" */ = {
			isa = XCConfigurationList;
			buildConfigurations = (
				6B70B86C1F828299005CF2D9 /* Debug */,
				6B70B86D1F828299005CF2D9 /* Release */,
			);
			defaultConfigurationIsVisible = 0;
			defaultConfigurationName = Release;
		};
/* End XCConfigurationList section */
	};
	rootObject = 6B70B8381F828298005CF2D9 /* Project object */;
}
